// !$*UTF8*$!
{
	archiveVersion = 1;
	classes = {
	};
	objectVersion = 48;
	objects = {

/* Begin PBXBuildFile section */
		3A2E5D8A213ADE4700363947 /* ExamTableViewCommonCell.m in Sources */ = {isa = PBXBuildFile; fileRef = 3A2E5D89213ADE4700363947 /* ExamTableViewCommonCell.m */; };
		3A2E5D8E213AF90E00363947 /* PersonMidTableViewCell.m in Sources */ = {isa = PBXBuildFile; fileRef = 3A2E5D8D213AF90E00363947 /* PersonMidTableViewCell.m */; };
		3A2E5D91213AFF8500363947 /* PersonRowTableViewCell.m in Sources */ = {isa = PBXBuildFile; fileRef = 3A2E5D90213AFF8500363947 /* PersonRowTableViewCell.m */; };
		3A2E5D98213C264D00363947 /* ICarouselViewController.m in Sources */ = {isa = PBXBuildFile; fileRef = 3A2E5D97213C264D00363947 /* ICarouselViewController.m */; };
		3A2E5D9B213C26FC00363947 /* EWTICarousel.m in Sources */ = {isa = PBXBuildFile; fileRef = 3A2E5D9A213C26FC00363947 /* EWTICarousel.m */; };
		3A3AA578212C12A600FE8CC0 /* EWTLoginView.m in Sources */ = {isa = PBXBuildFile; fileRef = 3A3AA574212C12A600FE8CC0 /* EWTLoginView.m */; };
		3A3AA579212C12A600FE8CC0 /* EWTLoginAndRegisterViewController.m in Sources */ = {isa = PBXBuildFile; fileRef = 3A3AA577212C12A600FE8CC0 /* EWTLoginAndRegisterViewController.m */; };
		3A3B4902213E399F000D8BF0 /* EWTiCarouselPageControl.m in Sources */ = {isa = PBXBuildFile; fileRef = 3A3B4901213E399F000D8BF0 /* EWTiCarouselPageControl.m */; };
		3A50D513212D3FD300BD2919 /* BannerScrollView.m in Sources */ = {isa = PBXBuildFile; fileRef = 3A50D512212D3FD300BD2919 /* BannerScrollView.m */; };
		3A50D516212D46F500BD2919 /* BannerScrollViewCell.m in Sources */ = {isa = PBXBuildFile; fileRef = 3A50D515212D46F500BD2919 /* BannerScrollViewCell.m */; };
		3A50D519212D4BD400BD2919 /* NewsItemsTableCell.m in Sources */ = {isa = PBXBuildFile; fileRef = 3A50D518212D4BD400BD2919 /* NewsItemsTableCell.m */; };
		3A50D51C212D69CC00BD2919 /* NewsRightIConTableCell.m in Sources */ = {isa = PBXBuildFile; fileRef = 3A50D51B212D69CC00BD2919 /* NewsRightIConTableCell.m */; };
		3A50D520212DBB9200BD2919 /* EducationHeadTableCell.m in Sources */ = {isa = PBXBuildFile; fileRef = 3A50D51F212DBB9100BD2919 /* EducationHeadTableCell.m */; };
		3A50D523212DC3C100BD2919 /* EducationItemsTableCell.m in Sources */ = {isa = PBXBuildFile; fileRef = 3A50D522212DC3C100BD2919 /* EducationItemsTableCell.m */; };
		3A5C0F102144DCEE00BB11FB /* ExamWaitingViewController.m in Sources */ = {isa = PBXBuildFile; fileRef = 3A5C0F0F2144DCEE00BB11FB /* ExamWaitingViewController.m */; };
		3A5C0F132144DD8600BB11FB /* ExamWaitingTableViewCell.m in Sources */ = {isa = PBXBuildFile; fileRef = 3A5C0F122144DD8600BB11FB /* ExamWaitingTableViewCell.m */; };
		3A5C0F162144E46D00BB11FB /* ExamhomeViewController.m in Sources */ = {isa = PBXBuildFile; fileRef = 3A5C0F152144E46D00BB11FB /* ExamhomeViewController.m */; };
		3A5C0F19214964A100BB11FB /* ExamConentViewController.m in Sources */ = {isa = PBXBuildFile; fileRef = 3A5C0F18214964A100BB11FB /* ExamConentViewController.m */; };
		3A5C0F1C2149657C00BB11FB /* ExamTopTitleTableViewCell.m in Sources */ = {isa = PBXBuildFile; fileRef = 3A5C0F1B2149657C00BB11FB /* ExamTopTitleTableViewCell.m */; };
		3A5C0F1F2149692C00BB11FB /* ExamChooseCell.m in Sources */ = {isa = PBXBuildFile; fileRef = 3A5C0F1E2149692C00BB11FB /* ExamChooseCell.m */; };
		3A699B7120BA650C00F7BB60 /* AppDelegate.m in Sources */ = {isa = PBXBuildFile; fileRef = 3A699B7020BA650C00F7BB60 /* AppDelegate.m */; };
		3A699B7420BA650C00F7BB60 /* ViewController.m in Sources */ = {isa = PBXBuildFile; fileRef = 3A699B7320BA650C00F7BB60 /* ViewController.m */; };
		3A699B7920BA650C00F7BB60 /* Assets.xcassets in Resources */ = {isa = PBXBuildFile; fileRef = 3A699B7820BA650C00F7BB60 /* Assets.xcassets */; };
		3A699B7C20BA650C00F7BB60 /* LaunchScreen.storyboard in Resources */ = {isa = PBXBuildFile; fileRef = 3A699B7A20BA650C00F7BB60 /* LaunchScreen.storyboard */; };
		3A699B7F20BA650C00F7BB60 /* main.m in Sources */ = {isa = PBXBuildFile; fileRef = 3A699B7E20BA650C00F7BB60 /* main.m */; };
		3A699B8A20BA6F1000F7BB60 /* BaseViewController.m in Sources */ = {isa = PBXBuildFile; fileRef = 3A699B8920BA6F1000F7BB60 /* BaseViewController.m */; };
		3A699B8D20BA6F3100F7BB60 /* BaseNavigationController.m in Sources */ = {isa = PBXBuildFile; fileRef = 3A699B8C20BA6F3100F7BB60 /* BaseNavigationController.m */; };
		3A699B9520BA790300F7BB60 /* iCarousel.m in Sources */ = {isa = PBXBuildFile; fileRef = 3A699B9320BA790300F7BB60 /* iCarousel.m */; };
		3A699B9620BA790300F7BB60 /* Info.plist in Resources */ = {isa = PBXBuildFile; fileRef = 3A699B9420BA790300F7BB60 /* Info.plist */; };
		3A699B9A20BA795900F7BB60 /* Reachability.m in Sources */ = {isa = PBXBuildFile; fileRef = 3A699B9920BA795900F7BB60 /* Reachability.m */; };
		3A6BA54421271E5B00322875 /* PromptBox.m in Sources */ = {isa = PBXBuildFile; fileRef = 3A6BA49721271E5A00322875 /* PromptBox.m */; };
		3A6BA56221271E5B00322875 /* HTTPEngine.m in Sources */ = {isa = PBXBuildFile; fileRef = 3A6BA4D421271E5A00322875 /* HTTPEngine.m */; };
		3A6BA56321271E5B00322875 /* HTTPRequest.m in Sources */ = {isa = PBXBuildFile; fileRef = 3A6BA4D521271E5A00322875 /* HTTPRequest.m */; };
		3A6BA56421271E5B00322875 /* EWTHttpServer.m in Sources */ = {isa = PBXBuildFile; fileRef = 3A6BA4DA21271E5A00322875 /* EWTHttpServer.m */; };
		3A6BA56B21271E5B00322875 /* EWTNotification.m in Sources */ = {isa = PBXBuildFile; fileRef = 3A6BA4EB21271E5B00322875 /* EWTNotification.m */; };
		3A6BA56F21271E5B00322875 /* PublicMethod.m in Sources */ = {isa = PBXBuildFile; fileRef = 3A6BA4F221271E5B00322875 /* PublicMethod.m */; };
		3A6BA57021271E5B00322875 /* YFKeychainUUID.m in Sources */ = {isa = PBXBuildFile; fileRef = 3A6BA4F321271E5B00322875 /* YFKeychainUUID.m */; };
		3A6BA57621271E5B00322875 /* EWTBaseViewController.m in Sources */ = {isa = PBXBuildFile; fileRef = 3A6BA4FF21271E5B00322875 /* EWTBaseViewController.m */; };
		3A6BA57821271E5B00322875 /* EWTBaseNavigationController.m in Sources */ = {isa = PBXBuildFile; fileRef = 3A6BA50421271E5B00322875 /* EWTBaseNavigationController.m */; };
		3A6BA57C21271E5B00322875 /* UIColor+EWT.m in Sources */ = {isa = PBXBuildFile; fileRef = 3A6BA51621271E5B00322875 /* UIColor+EWT.m */; };
		3A6BA57D21271E5B00322875 /* NSString+EWT.m in Sources */ = {isa = PBXBuildFile; fileRef = 3A6BA51A21271E5B00322875 /* NSString+EWT.m */; };
		3A6BA57E21271E5B00322875 /* UIView+EWT.m in Sources */ = {isa = PBXBuildFile; fileRef = 3A6BA51B21271E5B00322875 /* UIView+EWT.m */; };
		3A6BA58121271E5B00322875 /* NSObject+EWTCurrentController.m in Sources */ = {isa = PBXBuildFile; fileRef = 3A6BA52421271E5B00322875 /* NSObject+EWTCurrentController.m */; };
		3A6BA58321271E5B00322875 /* NSDate+EWT.m in Sources */ = {isa = PBXBuildFile; fileRef = 3A6BA52721271E5B00322875 /* NSDate+EWT.m */; };
		3A6BA58B21271E5B00322875 /* NSData+EWT.m in Sources */ = {isa = PBXBuildFile; fileRef = 3A6BA53421271E5B00322875 /* NSData+EWT.m */; };
		3A6BA5A32129C1BA00322875 /* NewsViewController.m in Sources */ = {isa = PBXBuildFile; fileRef = 3A6BA5A22129C1BA00322875 /* NewsViewController.m */; };
		3A6BA5A62129C1D000322875 /* PersonalViewController.m in Sources */ = {isa = PBXBuildFile; fileRef = 3A6BA5A52129C1D000322875 /* PersonalViewController.m */; };
		3A6BA5A92129C1E500322875 /* ExamnationViewController.m in Sources */ = {isa = PBXBuildFile; fileRef = 3A6BA5A82129C1E500322875 /* ExamnationViewController.m */; };
		3A6BA5AC2129C1F400322875 /* EducationViewController.m in Sources */ = {isa = PBXBuildFile; fileRef = 3A6BA5AB2129C1F400322875 /* EducationViewController.m */; };
		3AFBC2B621417AC900D154D3 /* NewsVideoDetailViewController.m in Sources */ = {isa = PBXBuildFile; fileRef = 3AFBC2B521417AC900D154D3 /* NewsVideoDetailViewController.m */; };
		3AFBC2B921422A3200D154D3 /* SigninRecordViewController.m in Sources */ = {isa = PBXBuildFile; fileRef = 3AFBC2B821422A3200D154D3 /* SigninRecordViewController.m */; };
		3AFBC2BC2143D45400D154D3 /* DIYCalendarCell.m in Sources */ = {isa = PBXBuildFile; fileRef = 3AFBC2BB2143D45300D154D3 /* DIYCalendarCell.m */; };
		61B65107CF6228423FCF8BA1 /* Pods_YFL_IOS.framework in Frameworks */ = {isa = PBXBuildFile; fileRef = A38C12D294370CAF7FF68E51 /* Pods_YFL_IOS.framework */; };
/* End PBXBuildFile section */

/* Begin PBXFileReference section */
		3A2E5D88213ADE4700363947 /* ExamTableViewCommonCell.h */ = {isa = PBXFileReference; lastKnownFileType = sourcecode.c.h; path = ExamTableViewCommonCell.h; sourceTree = "<group>"; };
		3A2E5D89213ADE4700363947 /* ExamTableViewCommonCell.m */ = {isa = PBXFileReference; lastKnownFileType = sourcecode.c.objc; path = ExamTableViewCommonCell.m; sourceTree = "<group>"; };
		3A2E5D8C213AF90E00363947 /* PersonMidTableViewCell.h */ = {isa = PBXFileReference; lastKnownFileType = sourcecode.c.h; path = PersonMidTableViewCell.h; sourceTree = "<group>"; };
		3A2E5D8D213AF90E00363947 /* PersonMidTableViewCell.m */ = {isa = PBXFileReference; lastKnownFileType = sourcecode.c.objc; path = PersonMidTableViewCell.m; sourceTree = "<group>"; };
		3A2E5D8F213AFF8500363947 /* PersonRowTableViewCell.h */ = {isa = PBXFileReference; lastKnownFileType = sourcecode.c.h; path = PersonRowTableViewCell.h; sourceTree = "<group>"; };
		3A2E5D90213AFF8500363947 /* PersonRowTableViewCell.m */ = {isa = PBXFileReference; lastKnownFileType = sourcecode.c.objc; path = PersonRowTableViewCell.m; sourceTree = "<group>"; };
		3A2E5D96213C264D00363947 /* ICarouselViewController.h */ = {isa = PBXFileReference; lastKnownFileType = sourcecode.c.h; path = ICarouselViewController.h; sourceTree = "<group>"; };
		3A2E5D97213C264D00363947 /* ICarouselViewController.m */ = {isa = PBXFileReference; lastKnownFileType = sourcecode.c.objc; path = ICarouselViewController.m; sourceTree = "<group>"; };
		3A2E5D99213C26FC00363947 /* EWTICarousel.h */ = {isa = PBXFileReference; lastKnownFileType = sourcecode.c.h; path = EWTICarousel.h; sourceTree = "<group>"; };
		3A2E5D9A213C26FC00363947 /* EWTICarousel.m */ = {isa = PBXFileReference; lastKnownFileType = sourcecode.c.objc; path = EWTICarousel.m; sourceTree = "<group>"; };
		3A2E5D9E213D7C5A00363947 /* sss.jpg */ = {isa = PBXFileReference; lastKnownFileType = image.jpeg; path = sss.jpg; sourceTree = "<group>"; };
		3A3AA573212C12A600FE8CC0 /* EWTLoginView.h */ = {isa = PBXFileReference; fileEncoding = 4; lastKnownFileType = sourcecode.c.h; path = EWTLoginView.h; sourceTree = "<group>"; };
		3A3AA574212C12A600FE8CC0 /* EWTLoginView.m */ = {isa = PBXFileReference; fileEncoding = 4; lastKnownFileType = sourcecode.c.objc; path = EWTLoginView.m; sourceTree = "<group>"; };
		3A3AA576212C12A600FE8CC0 /* EWTLoginAndRegisterViewController.h */ = {isa = PBXFileReference; fileEncoding = 4; lastKnownFileType = sourcecode.c.h; path = EWTLoginAndRegisterViewController.h; sourceTree = "<group>"; };
		3A3AA577212C12A600FE8CC0 /* EWTLoginAndRegisterViewController.m */ = {isa = PBXFileReference; fileEncoding = 4; lastKnownFileType = sourcecode.c.objc; path = EWTLoginAndRegisterViewController.m; sourceTree = "<group>"; };
		3A3B4900213E399F000D8BF0 /* EWTiCarouselPageControl.h */ = {isa = PBXFileReference; lastKnownFileType = sourcecode.c.h; path = EWTiCarouselPageControl.h; sourceTree = "<group>"; };
		3A3B4901213E399F000D8BF0 /* EWTiCarouselPageControl.m */ = {isa = PBXFileReference; lastKnownFileType = sourcecode.c.objc; path = EWTiCarouselPageControl.m; sourceTree = "<group>"; };
		3A50D511212D3FD300BD2919 /* BannerScrollView.h */ = {isa = PBXFileReference; lastKnownFileType = sourcecode.c.h; path = BannerScrollView.h; sourceTree = "<group>"; };
		3A50D512212D3FD300BD2919 /* BannerScrollView.m */ = {isa = PBXFileReference; lastKnownFileType = sourcecode.c.objc; path = BannerScrollView.m; sourceTree = "<group>"; };
		3A50D514212D46F500BD2919 /* BannerScrollViewCell.h */ = {isa = PBXFileReference; lastKnownFileType = sourcecode.c.h; path = BannerScrollViewCell.h; sourceTree = "<group>"; };
		3A50D515212D46F500BD2919 /* BannerScrollViewCell.m */ = {isa = PBXFileReference; lastKnownFileType = sourcecode.c.objc; path = BannerScrollViewCell.m; sourceTree = "<group>"; };
		3A50D517212D4BD400BD2919 /* NewsItemsTableCell.h */ = {isa = PBXFileReference; lastKnownFileType = sourcecode.c.h; path = NewsItemsTableCell.h; sourceTree = "<group>"; };
		3A50D518212D4BD400BD2919 /* NewsItemsTableCell.m */ = {isa = PBXFileReference; lastKnownFileType = sourcecode.c.objc; path = NewsItemsTableCell.m; sourceTree = "<group>"; };
		3A50D51A212D69CC00BD2919 /* NewsRightIConTableCell.h */ = {isa = PBXFileReference; lastKnownFileType = sourcecode.c.h; path = NewsRightIConTableCell.h; sourceTree = "<group>"; };
		3A50D51B212D69CC00BD2919 /* NewsRightIConTableCell.m */ = {isa = PBXFileReference; lastKnownFileType = sourcecode.c.objc; path = NewsRightIConTableCell.m; sourceTree = "<group>"; };
		3A50D51E212DBB9100BD2919 /* EducationHeadTableCell.h */ = {isa = PBXFileReference; lastKnownFileType = sourcecode.c.h; path = EducationHeadTableCell.h; sourceTree = "<group>"; };
		3A50D51F212DBB9100BD2919 /* EducationHeadTableCell.m */ = {isa = PBXFileReference; lastKnownFileType = sourcecode.c.objc; path = EducationHeadTableCell.m; sourceTree = "<group>"; };
		3A50D521212DC3C100BD2919 /* EducationItemsTableCell.h */ = {isa = PBXFileReference; lastKnownFileType = sourcecode.c.h; path = EducationItemsTableCell.h; sourceTree = "<group>"; };
		3A50D522212DC3C100BD2919 /* EducationItemsTableCell.m */ = {isa = PBXFileReference; lastKnownFileType = sourcecode.c.objc; path = EducationItemsTableCell.m; sourceTree = "<group>"; };
		3A5C0F0E2144DCEE00BB11FB /* ExamWaitingViewController.h */ = {isa = PBXFileReference; lastKnownFileType = sourcecode.c.h; path = ExamWaitingViewController.h; sourceTree = "<group>"; };
		3A5C0F0F2144DCEE00BB11FB /* ExamWaitingViewController.m */ = {isa = PBXFileReference; lastKnownFileType = sourcecode.c.objc; path = ExamWaitingViewController.m; sourceTree = "<group>"; };
		3A5C0F112144DD8600BB11FB /* ExamWaitingTableViewCell.h */ = {isa = PBXFileReference; lastKnownFileType = sourcecode.c.h; path = ExamWaitingTableViewCell.h; sourceTree = "<group>"; };
		3A5C0F122144DD8600BB11FB /* ExamWaitingTableViewCell.m */ = {isa = PBXFileReference; lastKnownFileType = sourcecode.c.objc; path = ExamWaitingTableViewCell.m; sourceTree = "<group>"; };
		3A5C0F142144E46D00BB11FB /* ExamhomeViewController.h */ = {isa = PBXFileReference; lastKnownFileType = sourcecode.c.h; path = ExamhomeViewController.h; sourceTree = "<group>"; };
		3A5C0F152144E46D00BB11FB /* ExamhomeViewController.m */ = {isa = PBXFileReference; lastKnownFileType = sourcecode.c.objc; path = ExamhomeViewController.m; sourceTree = "<group>"; };
		3A5C0F17214964A100BB11FB /* ExamConentViewController.h */ = {isa = PBXFileReference; lastKnownFileType = sourcecode.c.h; path = ExamConentViewController.h; sourceTree = "<group>"; };
		3A5C0F18214964A100BB11FB /* ExamConentViewController.m */ = {isa = PBXFileReference; lastKnownFileType = sourcecode.c.objc; path = ExamConentViewController.m; sourceTree = "<group>"; };
		3A5C0F1A2149657C00BB11FB /* ExamTopTitleTableViewCell.h */ = {isa = PBXFileReference; lastKnownFileType = sourcecode.c.h; path = ExamTopTitleTableViewCell.h; sourceTree = "<group>"; };
		3A5C0F1B2149657C00BB11FB /* ExamTopTitleTableViewCell.m */ = {isa = PBXFileReference; lastKnownFileType = sourcecode.c.objc; path = ExamTopTitleTableViewCell.m; sourceTree = "<group>"; };
		3A5C0F1D2149692C00BB11FB /* ExamChooseCell.h */ = {isa = PBXFileReference; lastKnownFileType = sourcecode.c.h; path = ExamChooseCell.h; sourceTree = "<group>"; };
		3A5C0F1E2149692C00BB11FB /* ExamChooseCell.m */ = {isa = PBXFileReference; lastKnownFileType = sourcecode.c.objc; path = ExamChooseCell.m; sourceTree = "<group>"; };
		3A699B6C20BA650C00F7BB60 /* YFL-IOS.app */ = {isa = PBXFileReference; explicitFileType = wrapper.application; includeInIndex = 0; path = "YFL-IOS.app"; sourceTree = BUILT_PRODUCTS_DIR; };
		3A699B6F20BA650C00F7BB60 /* AppDelegate.h */ = {isa = PBXFileReference; lastKnownFileType = sourcecode.c.h; path = AppDelegate.h; sourceTree = "<group>"; };
		3A699B7020BA650C00F7BB60 /* AppDelegate.m */ = {isa = PBXFileReference; lastKnownFileType = sourcecode.c.objc; path = AppDelegate.m; sourceTree = "<group>"; };
		3A699B7220BA650C00F7BB60 /* ViewController.h */ = {isa = PBXFileReference; lastKnownFileType = sourcecode.c.h; path = ViewController.h; sourceTree = "<group>"; };
		3A699B7320BA650C00F7BB60 /* ViewController.m */ = {isa = PBXFileReference; lastKnownFileType = sourcecode.c.objc; path = ViewController.m; sourceTree = "<group>"; };
		3A699B7820BA650C00F7BB60 /* Assets.xcassets */ = {isa = PBXFileReference; lastKnownFileType = folder.assetcatalog; path = Assets.xcassets; sourceTree = "<group>"; };
		3A699B7B20BA650C00F7BB60 /* Base */ = {isa = PBXFileReference; lastKnownFileType = file.storyboard; name = Base; path = Base.lproj/LaunchScreen.storyboard; sourceTree = "<group>"; };
		3A699B7D20BA650C00F7BB60 /* Info.plist */ = {isa = PBXFileReference; lastKnownFileType = text.plist.xml; path = Info.plist; sourceTree = "<group>"; };
		3A699B7E20BA650C00F7BB60 /* main.m */ = {isa = PBXFileReference; lastKnownFileType = sourcecode.c.objc; path = main.m; sourceTree = "<group>"; };
		3A699B8820BA6F1000F7BB60 /* BaseViewController.h */ = {isa = PBXFileReference; lastKnownFileType = sourcecode.c.h; path = BaseViewController.h; sourceTree = "<group>"; };
		3A699B8920BA6F1000F7BB60 /* BaseViewController.m */ = {isa = PBXFileReference; lastKnownFileType = sourcecode.c.objc; path = BaseViewController.m; sourceTree = "<group>"; };
		3A699B8B20BA6F3100F7BB60 /* BaseNavigationController.h */ = {isa = PBXFileReference; lastKnownFileType = sourcecode.c.h; path = BaseNavigationController.h; sourceTree = "<group>"; };
		3A699B8C20BA6F3100F7BB60 /* BaseNavigationController.m */ = {isa = PBXFileReference; lastKnownFileType = sourcecode.c.objc; path = BaseNavigationController.m; sourceTree = "<group>"; };
		3A699B9220BA790300F7BB60 /* iCarousel.h */ = {isa = PBXFileReference; fileEncoding = 4; lastKnownFileType = sourcecode.c.h; path = iCarousel.h; sourceTree = "<group>"; };
		3A699B9320BA790300F7BB60 /* iCarousel.m */ = {isa = PBXFileReference; fileEncoding = 4; lastKnownFileType = sourcecode.c.objc; path = iCarousel.m; sourceTree = "<group>"; };
		3A699B9420BA790300F7BB60 /* Info.plist */ = {isa = PBXFileReference; fileEncoding = 4; lastKnownFileType = text.plist.xml; path = Info.plist; sourceTree = "<group>"; };
		3A699B9820BA795900F7BB60 /* Reachability.h */ = {isa = PBXFileReference; fileEncoding = 4; lastKnownFileType = sourcecode.c.h; path = Reachability.h; sourceTree = "<group>"; };
		3A699B9920BA795900F7BB60 /* Reachability.m */ = {isa = PBXFileReference; fileEncoding = 4; lastKnownFileType = sourcecode.c.objc; path = Reachability.m; sourceTree = "<group>"; };
		3A699B9D20BAAECD00F7BB60 /* YFLHeader.pch */ = {isa = PBXFileReference; lastKnownFileType = sourcecode.c.h; path = YFLHeader.pch; sourceTree = "<group>"; };
		3A6BA49721271E5A00322875 /* PromptBox.m */ = {isa = PBXFileReference; fileEncoding = 4; lastKnownFileType = sourcecode.c.objc; path = PromptBox.m; sourceTree = "<group>"; };
		3A6BA4BD21271E5A00322875 /* PromptBox.h */ = {isa = PBXFileReference; fileEncoding = 4; lastKnownFileType = sourcecode.c.h; path = PromptBox.h; sourceTree = "<group>"; };
		3A6BA4D421271E5A00322875 /* HTTPEngine.m */ = {isa = PBXFileReference; fileEncoding = 4; lastKnownFileType = sourcecode.c.objc; path = HTTPEngine.m; sourceTree = "<group>"; };
		3A6BA4D521271E5A00322875 /* HTTPRequest.m */ = {isa = PBXFileReference; fileEncoding = 4; lastKnownFileType = sourcecode.c.objc; path = HTTPRequest.m; sourceTree = "<group>"; };
		3A6BA4D621271E5A00322875 /* EWTHttpServer.h */ = {isa = PBXFileReference; fileEncoding = 4; lastKnownFileType = sourcecode.c.h; path = EWTHttpServer.h; sourceTree = "<group>"; };
		3A6BA4D721271E5A00322875 /* HTTPEngine.h */ = {isa = PBXFileReference; fileEncoding = 4; lastKnownFileType = sourcecode.c.h; path = HTTPEngine.h; sourceTree = "<group>"; };
		3A6BA4D821271E5A00322875 /* HttpConfig.h */ = {isa = PBXFileReference; fileEncoding = 4; lastKnownFileType = sourcecode.c.h; path = HttpConfig.h; sourceTree = "<group>"; };
		3A6BA4D921271E5A00322875 /* HTTPRequest.h */ = {isa = PBXFileReference; fileEncoding = 4; lastKnownFileType = sourcecode.c.h; path = HTTPRequest.h; sourceTree = "<group>"; };
		3A6BA4DA21271E5A00322875 /* EWTHttpServer.m */ = {isa = PBXFileReference; fileEncoding = 4; lastKnownFileType = sourcecode.c.objc; path = EWTHttpServer.m; sourceTree = "<group>"; };
		3A6BA4DE21271E5A00322875 /* EWTNotification.h */ = {isa = PBXFileReference; fileEncoding = 4; lastKnownFileType = sourcecode.c.h; path = EWTNotification.h; sourceTree = "<group>"; };
		3A6BA4E321271E5B00322875 /* YFKeychainUUID.h */ = {isa = PBXFileReference; fileEncoding = 4; lastKnownFileType = sourcecode.c.h; path = YFKeychainUUID.h; sourceTree = "<group>"; };
		3A6BA4E521271E5B00322875 /* PublicMethod.h */ = {isa = PBXFileReference; fileEncoding = 4; lastKnownFileType = sourcecode.c.h; path = PublicMethod.h; sourceTree = "<group>"; };
		3A6BA4EB21271E5B00322875 /* EWTNotification.m */ = {isa = PBXFileReference; fileEncoding = 4; lastKnownFileType = sourcecode.c.objc; path = EWTNotification.m; sourceTree = "<group>"; };
		3A6BA4F221271E5B00322875 /* PublicMethod.m */ = {isa = PBXFileReference; fileEncoding = 4; lastKnownFileType = sourcecode.c.objc; path = PublicMethod.m; sourceTree = "<group>"; };
		3A6BA4F321271E5B00322875 /* YFKeychainUUID.m */ = {isa = PBXFileReference; fileEncoding = 4; lastKnownFileType = sourcecode.c.objc; path = YFKeychainUUID.m; sourceTree = "<group>"; };
		3A6BA4F921271E5B00322875 /* EWTBaseViewController.h */ = {isa = PBXFileReference; fileEncoding = 4; lastKnownFileType = sourcecode.c.h; path = EWTBaseViewController.h; sourceTree = "<group>"; };
		3A6BA4FC21271E5B00322875 /* EWTBaseNavigationController.h */ = {isa = PBXFileReference; fileEncoding = 4; lastKnownFileType = sourcecode.c.h; path = EWTBaseNavigationController.h; sourceTree = "<group>"; };
		3A6BA4FF21271E5B00322875 /* EWTBaseViewController.m */ = {isa = PBXFileReference; fileEncoding = 4; lastKnownFileType = sourcecode.c.objc; path = EWTBaseViewController.m; sourceTree = "<group>"; };
		3A6BA50421271E5B00322875 /* EWTBaseNavigationController.m */ = {isa = PBXFileReference; fileEncoding = 4; lastKnownFileType = sourcecode.c.objc; path = EWTBaseNavigationController.m; sourceTree = "<group>"; };
		3A6BA50721271E5B00322875 /* EWTBase.h */ = {isa = PBXFileReference; fileEncoding = 4; lastKnownFileType = sourcecode.c.h; path = EWTBase.h; sourceTree = "<group>"; };
		3A6BA50821271E5B00322875 /* EWTWebViewJumperConfig.h */ = {isa = PBXFileReference; fileEncoding = 4; lastKnownFileType = sourcecode.c.h; path = EWTWebViewJumperConfig.h; sourceTree = "<group>"; };
		3A6BA50921271E5B00322875 /* EWTModuleType.h */ = {isa = PBXFileReference; fileEncoding = 4; lastKnownFileType = sourcecode.c.h; path = EWTModuleType.h; sourceTree = "<group>"; };
		3A6BA50A21271E5B00322875 /* EWTMyDownloadManagerHeader.h */ = {isa = PBXFileReference; fileEncoding = 4; lastKnownFileType = sourcecode.c.h; path = EWTMyDownloadManagerHeader.h; sourceTree = "<group>"; };
		3A6BA51521271E5B00322875 /* NSDate+EWT.h */ = {isa = PBXFileReference; fileEncoding = 4; lastKnownFileType = sourcecode.c.h; path = "NSDate+EWT.h"; sourceTree = "<group>"; };
		3A6BA51621271E5B00322875 /* UIColor+EWT.m */ = {isa = PBXFileReference; fileEncoding = 4; lastKnownFileType = sourcecode.c.objc; path = "UIColor+EWT.m"; sourceTree = "<group>"; };
		3A6BA51921271E5B00322875 /* NSData+EWT.h */ = {isa = PBXFileReference; fileEncoding = 4; lastKnownFileType = sourcecode.c.h; path = "NSData+EWT.h"; sourceTree = "<group>"; };
		3A6BA51A21271E5B00322875 /* NSString+EWT.m */ = {isa = PBXFileReference; fileEncoding = 4; lastKnownFileType = sourcecode.c.objc; path = "NSString+EWT.m"; sourceTree = "<group>"; };
		3A6BA51B21271E5B00322875 /* UIView+EWT.m */ = {isa = PBXFileReference; fileEncoding = 4; lastKnownFileType = sourcecode.c.objc; path = "UIView+EWT.m"; sourceTree = "<group>"; };
		3A6BA52221271E5B00322875 /* CategoryHeader.h */ = {isa = PBXFileReference; fileEncoding = 4; lastKnownFileType = sourcecode.c.h; path = CategoryHeader.h; sourceTree = "<group>"; };
		3A6BA52421271E5B00322875 /* NSObject+EWTCurrentController.m */ = {isa = PBXFileReference; fileEncoding = 4; lastKnownFileType = sourcecode.c.objc; path = "NSObject+EWTCurrentController.m"; sourceTree = "<group>"; };
		3A6BA52621271E5B00322875 /* UIColor+EWT.h */ = {isa = PBXFileReference; fileEncoding = 4; lastKnownFileType = sourcecode.c.h; path = "UIColor+EWT.h"; sourceTree = "<group>"; };
		3A6BA52721271E5B00322875 /* NSDate+EWT.m */ = {isa = PBXFileReference; fileEncoding = 4; lastKnownFileType = sourcecode.c.objc; path = "NSDate+EWT.m"; sourceTree = "<group>"; };
		3A6BA53321271E5B00322875 /* UIView+EWT.h */ = {isa = PBXFileReference; fileEncoding = 4; lastKnownFileType = sourcecode.c.h; path = "UIView+EWT.h"; sourceTree = "<group>"; };
		3A6BA53421271E5B00322875 /* NSData+EWT.m */ = {isa = PBXFileReference; fileEncoding = 4; lastKnownFileType = sourcecode.c.objc; path = "NSData+EWT.m"; sourceTree = "<group>"; };
		3A6BA53521271E5B00322875 /* NSString+EWT.h */ = {isa = PBXFileReference; fileEncoding = 4; lastKnownFileType = sourcecode.c.h; path = "NSString+EWT.h"; sourceTree = "<group>"; };
		3A6BA53821271E5B00322875 /* NSObject+EWTCurrentController.h */ = {isa = PBXFileReference; fileEncoding = 4; lastKnownFileType = sourcecode.c.h; path = "NSObject+EWTCurrentController.h"; sourceTree = "<group>"; };
		3A6BA5A12129C1BA00322875 /* NewsViewController.h */ = {isa = PBXFileReference; lastKnownFileType = sourcecode.c.h; path = NewsViewController.h; sourceTree = "<group>"; };
		3A6BA5A22129C1BA00322875 /* NewsViewController.m */ = {isa = PBXFileReference; lastKnownFileType = sourcecode.c.objc; path = NewsViewController.m; sourceTree = "<group>"; };
		3A6BA5A42129C1D000322875 /* PersonalViewController.h */ = {isa = PBXFileReference; lastKnownFileType = sourcecode.c.h; path = PersonalViewController.h; sourceTree = "<group>"; };
		3A6BA5A52129C1D000322875 /* PersonalViewController.m */ = {isa = PBXFileReference; lastKnownFileType = sourcecode.c.objc; path = PersonalViewController.m; sourceTree = "<group>"; };
		3A6BA5A72129C1E500322875 /* ExamnationViewController.h */ = {isa = PBXFileReference; lastKnownFileType = sourcecode.c.h; path = ExamnationViewController.h; sourceTree = "<group>"; };
		3A6BA5A82129C1E500322875 /* ExamnationViewController.m */ = {isa = PBXFileReference; lastKnownFileType = sourcecode.c.objc; path = ExamnationViewController.m; sourceTree = "<group>"; };
		3A6BA5AA2129C1F400322875 /* EducationViewController.h */ = {isa = PBXFileReference; lastKnownFileType = sourcecode.c.h; path = EducationViewController.h; sourceTree = "<group>"; };
		3A6BA5AB2129C1F400322875 /* EducationViewController.m */ = {isa = PBXFileReference; lastKnownFileType = sourcecode.c.objc; path = EducationViewController.m; sourceTree = "<group>"; };
		3AFBC2B421417AC900D154D3 /* NewsVideoDetailViewController.h */ = {isa = PBXFileReference; lastKnownFileType = sourcecode.c.h; path = NewsVideoDetailViewController.h; sourceTree = "<group>"; };
		3AFBC2B521417AC900D154D3 /* NewsVideoDetailViewController.m */ = {isa = PBXFileReference; lastKnownFileType = sourcecode.c.objc; path = NewsVideoDetailViewController.m; sourceTree = "<group>"; };
		3AFBC2B721422A3200D154D3 /* SigninRecordViewController.h */ = {isa = PBXFileReference; lastKnownFileType = sourcecode.c.h; path = SigninRecordViewController.h; sourceTree = "<group>"; };
		3AFBC2B821422A3200D154D3 /* SigninRecordViewController.m */ = {isa = PBXFileReference; lastKnownFileType = sourcecode.c.objc; path = SigninRecordViewController.m; sourceTree = "<group>"; };
		3AFBC2BA2143D45300D154D3 /* DIYCalendarCell.h */ = {isa = PBXFileReference; lastKnownFileType = sourcecode.c.h; path = DIYCalendarCell.h; sourceTree = "<group>"; };
		3AFBC2BB2143D45300D154D3 /* DIYCalendarCell.m */ = {isa = PBXFileReference; lastKnownFileType = sourcecode.c.objc; path = DIYCalendarCell.m; sourceTree = "<group>"; };
		5EB40DFF6E7AD059A22AC421 /* Pods-YFL-IOS.debug.xcconfig */ = {isa = PBXFileReference; includeInIndex = 1; lastKnownFileType = text.xcconfig; name = "Pods-YFL-IOS.debug.xcconfig"; path = "../Pods/Target Support Files/Pods-YFL-IOS/Pods-YFL-IOS.debug.xcconfig"; sourceTree = "<group>"; };
		A38C12D294370CAF7FF68E51 /* Pods_YFL_IOS.framework */ = {isa = PBXFileReference; explicitFileType = wrapper.framework; includeInIndex = 0; path = Pods_YFL_IOS.framework; sourceTree = BUILT_PRODUCTS_DIR; };
		D3BEF8B22C59C8A77C6F432D /* Pods-YFL-IOS.release.xcconfig */ = {isa = PBXFileReference; includeInIndex = 1; lastKnownFileType = text.xcconfig; name = "Pods-YFL-IOS.release.xcconfig"; path = "../Pods/Target Support Files/Pods-YFL-IOS/Pods-YFL-IOS.release.xcconfig"; sourceTree = "<group>"; };
/* End PBXFileReference section */

/* Begin PBXFrameworksBuildPhase section */
		3A699B6920BA650C00F7BB60 /* Frameworks */ = {
			isa = PBXFrameworksBuildPhase;
			buildActionMask = 2147483647;
			files = (
				61B65107CF6228423FCF8BA1 /* Pods_YFL_IOS.framework in Frameworks */,
			);
			runOnlyForDeploymentPostprocessing = 0;
		};
/* End PBXFrameworksBuildPhase section */

/* Begin PBXGroup section */
		208C16D5D5B3272735788B9F /* Frameworks */ = {
			isa = PBXGroup;
			children = (
				A38C12D294370CAF7FF68E51 /* Pods_YFL_IOS.framework */,
			);
			name = Frameworks;
			sourceTree = "<group>";
		};
		3A2E5D87213ADE2D00363947 /* View */ = {
			isa = PBXGroup;
			children = (
				3A2E5D88213ADE4700363947 /* ExamTableViewCommonCell.h */,
				3A2E5D89213ADE4700363947 /* ExamTableViewCommonCell.m */,
				3A5C0F112144DD8600BB11FB /* ExamWaitingTableViewCell.h */,
				3A5C0F122144DD8600BB11FB /* ExamWaitingTableViewCell.m */,
				3A5C0F1A2149657C00BB11FB /* ExamTopTitleTableViewCell.h */,
				3A5C0F1B2149657C00BB11FB /* ExamTopTitleTableViewCell.m */,
				3A5C0F1D2149692C00BB11FB /* ExamChooseCell.h */,
				3A5C0F1E2149692C00BB11FB /* ExamChooseCell.m */,
			);
			path = View;
			sourceTree = "<group>";
		};
		3A2E5D8B213AF8F400363947 /* View */ = {
			isa = PBXGroup;
			children = (
				3AFBC2BA2143D45300D154D3 /* DIYCalendarCell.h */,
				3AFBC2BB2143D45300D154D3 /* DIYCalendarCell.m */,
				3A2E5D8C213AF90E00363947 /* PersonMidTableViewCell.h */,
				3A2E5D8D213AF90E00363947 /* PersonMidTableViewCell.m */,
				3A2E5D8F213AFF8500363947 /* PersonRowTableViewCell.h */,
				3A2E5D90213AFF8500363947 /* PersonRowTableViewCell.m */,
			);
			path = View;
			sourceTree = "<group>";
		};
		3A3AA570212C118C00FE8CC0 /* Login */ = {
			isa = PBXGroup;
			children = (
				3A3AA575212C12A600FE8CC0 /* Controller */,
				3A3AA571212C12A600FE8CC0 /* Model */,
				3A3AA572212C12A600FE8CC0 /* View */,
			);
			path = Login;
			sourceTree = "<group>";
		};
		3A3AA571212C12A600FE8CC0 /* Model */ = {
			isa = PBXGroup;
			children = (
			);
			path = Model;
			sourceTree = "<group>";
		};
		3A3AA572212C12A600FE8CC0 /* View */ = {
			isa = PBXGroup;
			children = (
				3A3AA573212C12A600FE8CC0 /* EWTLoginView.h */,
				3A3AA574212C12A600FE8CC0 /* EWTLoginView.m */,
			);
			path = View;
			sourceTree = "<group>";
		};
		3A3AA575212C12A600FE8CC0 /* Controller */ = {
			isa = PBXGroup;
			children = (
				3A3AA576212C12A600FE8CC0 /* EWTLoginAndRegisterViewController.h */,
				3A3AA577212C12A600FE8CC0 /* EWTLoginAndRegisterViewController.m */,
			);
			path = Controller;
			sourceTree = "<group>";
		};
		3A50D510212D3FBE00BD2919 /* View */ = {
			isa = PBXGroup;
			children = (
				3A50D511212D3FD300BD2919 /* BannerScrollView.h */,
				3A50D512212D3FD300BD2919 /* BannerScrollView.m */,
				3A50D514212D46F500BD2919 /* BannerScrollViewCell.h */,
				3A50D515212D46F500BD2919 /* BannerScrollViewCell.m */,
				3A50D517212D4BD400BD2919 /* NewsItemsTableCell.h */,
				3A50D518212D4BD400BD2919 /* NewsItemsTableCell.m */,
				3A50D51A212D69CC00BD2919 /* NewsRightIConTableCell.h */,
				3A50D51B212D69CC00BD2919 /* NewsRightIConTableCell.m */,
			);
			path = View;
			sourceTree = "<group>";
		};
		3A50D51D212DBB7000BD2919 /* View */ = {
			isa = PBXGroup;
			children = (
				3A50D51E212DBB9100BD2919 /* EducationHeadTableCell.h */,
				3A50D51F212DBB9100BD2919 /* EducationHeadTableCell.m */,
				3A50D521212DC3C100BD2919 /* EducationItemsTableCell.h */,
				3A50D522212DC3C100BD2919 /* EducationItemsTableCell.m */,
			);
			path = View;
			sourceTree = "<group>";
		};
		3A699B6320BA650C00F7BB60 = {
			isa = PBXGroup;
			children = (
				3A6BA48721271C0B00322875 /* Base */,
				3A6BA4862127169500322875 /* HTTPServer */,
				3A699B9B20BAAE6900F7BB60 /* Headers */,
				3A699B8E20BA75D400F7BB60 /* 三方库 */,
				3A699B8720BA6EFC00F7BB60 /* BaseModule */,
				3A699B6E20BA650C00F7BB60 /* YFL-IOS */,
				3A699B6D20BA650C00F7BB60 /* Products */,
				92681C27C3696884EEEE72A9 /* Pods */,
				208C16D5D5B3272735788B9F /* Frameworks */,
			);
			sourceTree = "<group>";
		};
		3A699B6D20BA650C00F7BB60 /* Products */ = {
			isa = PBXGroup;
			children = (
				3A699B6C20BA650C00F7BB60 /* YFL-IOS.app */,
			);
			name = Products;
			sourceTree = "<group>";
		};
		3A699B6E20BA650C00F7BB60 /* YFL-IOS */ = {
			isa = PBXGroup;
			children = (
				3A3AA570212C118C00FE8CC0 /* Login */,
				3A6BA5932129C09B00322875 /* Education */,
				3A6BA5942129C09B00322875 /* Examination */,
				3A6BA5912129C09A00322875 /* News */,
				3A6BA5922129C09B00322875 /* Personal */,
				3A699B6F20BA650C00F7BB60 /* AppDelegate.h */,
				3A699B7020BA650C00F7BB60 /* AppDelegate.m */,
				3A699B7220BA650C00F7BB60 /* ViewController.h */,
				3A699B7320BA650C00F7BB60 /* ViewController.m */,
				3A699B7820BA650C00F7BB60 /* Assets.xcassets */,
				3A699B7A20BA650C00F7BB60 /* LaunchScreen.storyboard */,
				3A699B7D20BA650C00F7BB60 /* Info.plist */,
				3A699B7E20BA650C00F7BB60 /* main.m */,
				3A2E5D96213C264D00363947 /* ICarouselViewController.h */,
				3A2E5D97213C264D00363947 /* ICarouselViewController.m */,
				3A2E5D99213C26FC00363947 /* EWTICarousel.h */,
				3A2E5D9A213C26FC00363947 /* EWTICarousel.m */,
				3A3B4900213E399F000D8BF0 /* EWTiCarouselPageControl.h */,
				3A3B4901213E399F000D8BF0 /* EWTiCarouselPageControl.m */,
			);
			path = "YFL-IOS";
			sourceTree = "<group>";
		};
		3A699B8720BA6EFC00F7BB60 /* BaseModule */ = {
			isa = PBXGroup;
			children = (
				3A699B8820BA6F1000F7BB60 /* BaseViewController.h */,
				3A699B8920BA6F1000F7BB60 /* BaseViewController.m */,
				3A699B8B20BA6F3100F7BB60 /* BaseNavigationController.h */,
				3A699B8C20BA6F3100F7BB60 /* BaseNavigationController.m */,
			);
			path = BaseModule;
			sourceTree = "<group>";
		};
		3A699B8E20BA75D400F7BB60 /* 三方库 */ = {
			isa = PBXGroup;
			children = (
				3A699B9720BA795900F7BB60 /* Reachability */,
				3A699B9120BA790300F7BB60 /* iCarousel */,
			);
			path = "三方库";
			sourceTree = "<group>";
		};
		3A699B9120BA790300F7BB60 /* iCarousel */ = {
			isa = PBXGroup;
			children = (
				3A699B9220BA790300F7BB60 /* iCarousel.h */,
				3A699B9320BA790300F7BB60 /* iCarousel.m */,
				3A699B9420BA790300F7BB60 /* Info.plist */,
			);
			path = iCarousel;
			sourceTree = "<group>";
		};
		3A699B9720BA795900F7BB60 /* Reachability */ = {
			isa = PBXGroup;
			children = (
				3A699B9820BA795900F7BB60 /* Reachability.h */,
				3A699B9920BA795900F7BB60 /* Reachability.m */,
			);
			path = Reachability;
			sourceTree = "<group>";
		};
		3A699B9B20BAAE6900F7BB60 /* Headers */ = {
			isa = PBXGroup;
			children = (
				3A699B9D20BAAECD00F7BB60 /* YFLHeader.pch */,
			);
			path = Headers;
			sourceTree = "<group>";
		};
		3A6BA4862127169500322875 /* HTTPServer */ = {
			isa = PBXGroup;
			children = (
			);
			path = HTTPServer;
			sourceTree = "<group>";
		};
		3A6BA48721271C0B00322875 /* Base */ = {
			isa = PBXGroup;
			children = (
				3A6BA50B21271E5B00322875 /* Category */,
				3A6BA4F721271E5B00322875 /* Controller */,
				3A6BA50621271E5B00322875 /* Headers */,
				3A6BA4D321271E5A00322875 /* HTTP */,
				3A6BA4DB21271E5A00322875 /* Utils */,
				3A6BA48821271E5A00322875 /* View */,
			);
			path = Base;
			sourceTree = "<group>";
		};
		3A6BA48821271E5A00322875 /* View */ = {
			isa = PBXGroup;
			children = (
				3A6BA49721271E5A00322875 /* PromptBox.m */,
				3A6BA4BD21271E5A00322875 /* PromptBox.h */,
			);
			path = View;
			sourceTree = "<group>";
		};
		3A6BA4D321271E5A00322875 /* HTTP */ = {
			isa = PBXGroup;
			children = (
				3A6BA4D421271E5A00322875 /* HTTPEngine.m */,
				3A6BA4D521271E5A00322875 /* HTTPRequest.m */,
				3A6BA4D621271E5A00322875 /* EWTHttpServer.h */,
				3A6BA4D721271E5A00322875 /* HTTPEngine.h */,
				3A6BA4D821271E5A00322875 /* HttpConfig.h */,
				3A6BA4D921271E5A00322875 /* HTTPRequest.h */,
				3A6BA4DA21271E5A00322875 /* EWTHttpServer.m */,
			);
			path = HTTP;
			sourceTree = "<group>";
		};
		3A6BA4DB21271E5A00322875 /* Utils */ = {
			isa = PBXGroup;
			children = (
				3A6BA4DE21271E5A00322875 /* EWTNotification.h */,
				3A6BA4EB21271E5B00322875 /* EWTNotification.m */,
				3A6BA4E521271E5B00322875 /* PublicMethod.h */,
				3A6BA4F221271E5B00322875 /* PublicMethod.m */,
				3A6BA4E321271E5B00322875 /* YFKeychainUUID.h */,
				3A6BA4F321271E5B00322875 /* YFKeychainUUID.m */,
			);
			path = Utils;
			sourceTree = "<group>";
		};
		3A6BA4F721271E5B00322875 /* Controller */ = {
			isa = PBXGroup;
			children = (
				3A6BA4F921271E5B00322875 /* EWTBaseViewController.h */,
				3A6BA4FF21271E5B00322875 /* EWTBaseViewController.m */,
				3A6BA50421271E5B00322875 /* EWTBaseNavigationController.m */,
				3A6BA4FC21271E5B00322875 /* EWTBaseNavigationController.h */,
			);
			path = Controller;
			sourceTree = "<group>";
		};
		3A6BA50621271E5B00322875 /* Headers */ = {
			isa = PBXGroup;
			children = (
				3A6BA50721271E5B00322875 /* EWTBase.h */,
				3A6BA50821271E5B00322875 /* EWTWebViewJumperConfig.h */,
				3A6BA50921271E5B00322875 /* EWTModuleType.h */,
				3A6BA50A21271E5B00322875 /* EWTMyDownloadManagerHeader.h */,
			);
			path = Headers;
			sourceTree = "<group>";
		};
		3A6BA50B21271E5B00322875 /* Category */ = {
			isa = PBXGroup;
			children = (
				3A6BA52221271E5B00322875 /* CategoryHeader.h */,
				3A6BA52621271E5B00322875 /* UIColor+EWT.h */,
				3A6BA51621271E5B00322875 /* UIColor+EWT.m */,
				3A6BA51921271E5B00322875 /* NSData+EWT.h */,
				3A6BA52721271E5B00322875 /* NSDate+EWT.m */,
				3A6BA53321271E5B00322875 /* UIView+EWT.h */,
				3A6BA51B21271E5B00322875 /* UIView+EWT.m */,
				3A6BA51521271E5B00322875 /* NSDate+EWT.h */,
				3A6BA53421271E5B00322875 /* NSData+EWT.m */,
				3A6BA53521271E5B00322875 /* NSString+EWT.h */,
				3A6BA51A21271E5B00322875 /* NSString+EWT.m */,
				3A6BA53821271E5B00322875 /* NSObject+EWTCurrentController.h */,
				3A6BA52421271E5B00322875 /* NSObject+EWTCurrentController.m */,
			);
			path = Category;
			sourceTree = "<group>";
		};
		3A6BA5912129C09A00322875 /* News */ = {
			isa = PBXGroup;
			children = (
				3A50D510212D3FBE00BD2919 /* View */,
				3A6BA59C2129C15500322875 /* Controller */,
				3A6BA59B2129C15400322875 /* Model */,
			);
			path = News;
			sourceTree = "<group>";
		};
		3A6BA5922129C09B00322875 /* Personal */ = {
			isa = PBXGroup;
			children = (
				3A2E5D9E213D7C5A00363947 /* sss.jpg */,
				3A2E5D8B213AF8F400363947 /* View */,
				3A6BA5A02129C16100322875 /* Controller */,
				3A6BA59E2129C16000322875 /* Model */,
			);
			path = Personal;
			sourceTree = "<group>";
		};
		3A6BA5932129C09B00322875 /* Education */ = {
			isa = PBXGroup;
			children = (
				3A50D51D212DBB7000BD2919 /* View */,
				3A6BA5972129C13D00322875 /* Controller */,
				3A6BA5952129C13D00322875 /* Model */,
			);
			path = Education;
			sourceTree = "<group>";
		};
		3A6BA5942129C09B00322875 /* Examination */ = {
			isa = PBXGroup;
			children = (
				3A2E5D87213ADE2D00363947 /* View */,
				3A6BA5992129C14800322875 /* Controller */,
				3A6BA5982129C14800322875 /* Model */,
			);
			path = Examination;
			sourceTree = "<group>";
		};
		3A6BA5952129C13D00322875 /* Model */ = {
			isa = PBXGroup;
			children = (
			);
			path = Model;
			sourceTree = "<group>";
		};
		3A6BA5972129C13D00322875 /* Controller */ = {
			isa = PBXGroup;
			children = (
				3A6BA5AA2129C1F400322875 /* EducationViewController.h */,
				3A6BA5AB2129C1F400322875 /* EducationViewController.m */,
			);
			path = Controller;
			sourceTree = "<group>";
		};
		3A6BA5982129C14800322875 /* Model */ = {
			isa = PBXGroup;
			children = (
			);
			path = Model;
			sourceTree = "<group>";
		};
		3A6BA5992129C14800322875 /* Controller */ = {
			isa = PBXGroup;
			children = (
				3A6BA5A72129C1E500322875 /* ExamnationViewController.h */,
				3A6BA5A82129C1E500322875 /* ExamnationViewController.m */,
				3A5C0F0E2144DCEE00BB11FB /* ExamWaitingViewController.h */,
				3A5C0F0F2144DCEE00BB11FB /* ExamWaitingViewController.m */,
				3A5C0F142144E46D00BB11FB /* ExamhomeViewController.h */,
				3A5C0F152144E46D00BB11FB /* ExamhomeViewController.m */,
				3A5C0F17214964A100BB11FB /* ExamConentViewController.h */,
				3A5C0F18214964A100BB11FB /* ExamConentViewController.m */,
			);
			path = Controller;
			sourceTree = "<group>";
		};
		3A6BA59B2129C15400322875 /* Model */ = {
			isa = PBXGroup;
			children = (
			);
			path = Model;
			sourceTree = "<group>";
		};
		3A6BA59C2129C15500322875 /* Controller */ = {
			isa = PBXGroup;
			children = (
				3A6BA5A12129C1BA00322875 /* NewsViewController.h */,
				3A6BA5A22129C1BA00322875 /* NewsViewController.m */,
				3AFBC2B421417AC900D154D3 /* NewsVideoDetailViewController.h */,
				3AFBC2B521417AC900D154D3 /* NewsVideoDetailViewController.m */,
			);
			path = Controller;
			sourceTree = "<group>";
		};
		3A6BA59E2129C16000322875 /* Model */ = {
			isa = PBXGroup;
			children = (
			);
			path = Model;
			sourceTree = "<group>";
		};
		3A6BA5A02129C16100322875 /* Controller */ = {
			isa = PBXGroup;
			children = (
				3A6BA5A42129C1D000322875 /* PersonalViewController.h */,
				3A6BA5A52129C1D000322875 /* PersonalViewController.m */,
				3AFBC2B721422A3200D154D3 /* SigninRecordViewController.h */,
				3AFBC2B821422A3200D154D3 /* SigninRecordViewController.m */,
			);
			path = Controller;
			sourceTree = "<group>";
		};
		92681C27C3696884EEEE72A9 /* Pods */ = {
			isa = PBXGroup;
			children = (
				5EB40DFF6E7AD059A22AC421 /* Pods-YFL-IOS.debug.xcconfig */,
				D3BEF8B22C59C8A77C6F432D /* Pods-YFL-IOS.release.xcconfig */,
			);
			name = Pods;
			sourceTree = "<group>";
		};
/* End PBXGroup section */

/* Begin PBXNativeTarget section */
		3A699B6B20BA650C00F7BB60 /* YFL-IOS */ = {
			isa = PBXNativeTarget;
			buildConfigurationList = 3A699B8220BA650C00F7BB60 /* Build configuration list for PBXNativeTarget "YFL-IOS" */;
			buildPhases = (
				9F10B425799630A608E22B9F /* [CP] Check Pods Manifest.lock */,
				3A699B6820BA650C00F7BB60 /* Sources */,
				3A699B6920BA650C00F7BB60 /* Frameworks */,
				3A699B6A20BA650C00F7BB60 /* Resources */,
				BD6D278E11B0911EED387B29 /* [CP] Embed Pods Frameworks */,
			);
			buildRules = (
			);
			dependencies = (
			);
			name = "YFL-IOS";
			productName = "YFL-IOS";
			productReference = 3A699B6C20BA650C00F7BB60 /* YFL-IOS.app */;
			productType = "com.apple.product-type.application";
		};
/* End PBXNativeTarget section */

/* Begin PBXProject section */
		3A699B6420BA650C00F7BB60 /* Project object */ = {
			isa = PBXProject;
			attributes = {
				LastUpgradeCheck = 0920;
				ORGANIZATIONNAME = "杨丰林";
				TargetAttributes = {
					3A699B6B20BA650C00F7BB60 = {
						CreatedOnToolsVersion = 9.2;
						ProvisioningStyle = Automatic;
					};
				};
			};
			buildConfigurationList = 3A699B6720BA650C00F7BB60 /* Build configuration list for PBXProject "YFL-IOS" */;
			compatibilityVersion = "Xcode 8.0";
			developmentRegion = en;
			hasScannedForEncodings = 0;
			knownRegions = (
				en,
				Base,
			);
			mainGroup = 3A699B6320BA650C00F7BB60;
			productRefGroup = 3A699B6D20BA650C00F7BB60 /* Products */;
			projectDirPath = "";
			projectRoot = "";
			targets = (
				3A699B6B20BA650C00F7BB60 /* YFL-IOS */,
			);
		};
/* End PBXProject section */

/* Begin PBXResourcesBuildPhase section */
		3A699B6A20BA650C00F7BB60 /* Resources */ = {
			isa = PBXResourcesBuildPhase;
			buildActionMask = 2147483647;
			files = (
				3A699B9620BA790300F7BB60 /* Info.plist in Resources */,
				3A699B7C20BA650C00F7BB60 /* LaunchScreen.storyboard in Resources */,
				3A699B7920BA650C00F7BB60 /* Assets.xcassets in Resources */,
			);
			runOnlyForDeploymentPostprocessing = 0;
		};
/* End PBXResourcesBuildPhase section */

/* Begin PBXShellScriptBuildPhase section */
		9F10B425799630A608E22B9F /* [CP] Check Pods Manifest.lock */ = {
			isa = PBXShellScriptBuildPhase;
			buildActionMask = 2147483647;
			files = (
			);
			inputPaths = (
				"${PODS_PODFILE_DIR_PATH}/Podfile.lock",
				"${PODS_ROOT}/Manifest.lock",
			);
			name = "[CP] Check Pods Manifest.lock";
			outputPaths = (
				"$(DERIVED_FILE_DIR)/Pods-YFL-IOS-checkManifestLockResult.txt",
			);
			runOnlyForDeploymentPostprocessing = 0;
			shellPath = /bin/sh;
			shellScript = "diff \"${PODS_PODFILE_DIR_PATH}/Podfile.lock\" \"${PODS_ROOT}/Manifest.lock\" > /dev/null\nif [ $? != 0 ] ; then\n    # print error to STDERR\n    echo \"error: The sandbox is not in sync with the Podfile.lock. Run 'pod install' or update your CocoaPods installation.\" >&2\n    exit 1\nfi\n# This output is used by Xcode 'outputs' to avoid re-running this script phase.\necho \"SUCCESS\" > \"${SCRIPT_OUTPUT_FILE_0}\"\n";
			showEnvVarsInLog = 0;
		};
		BD6D278E11B0911EED387B29 /* [CP] Embed Pods Frameworks */ = {
			isa = PBXShellScriptBuildPhase;
			buildActionMask = 2147483647;
			files = (
			);
			inputPaths = (
				"${SRCROOT}/../Pods/Target Support Files/Pods-YFL-IOS/Pods-YFL-IOS-frameworks.sh",
				"${BUILT_PRODUCTS_DIR}/AFNetworking/AFNetworking.framework",
				"${BUILT_PRODUCTS_DIR}/AvoidCrash/AvoidCrash.framework",
				"${BUILT_PRODUCTS_DIR}/FMDB/FMDB.framework",
				"${BUILT_PRODUCTS_DIR}/FSCalendar/FSCalendar.framework",
				"${BUILT_PRODUCTS_DIR}/MBProgressHUD/MBProgressHUD.framework",
				"${BUILT_PRODUCTS_DIR}/MJExtension/MJExtension.framework",
				"${BUILT_PRODUCTS_DIR}/MJRefresh/MJRefresh.framework",
				"${BUILT_PRODUCTS_DIR}/Masonry/Masonry.framework",
				"${BUILT_PRODUCTS_DIR}/Reachability/Reachability.framework",
				"${BUILT_PRODUCTS_DIR}/SAMKeychain/SAMKeychain.framework",
				"${BUILT_PRODUCTS_DIR}/SDCycleScrollView/SDCycleScrollView.framework",
				"${BUILT_PRODUCTS_DIR}/SDWebImage/SDWebImage.framework",
				"${BUILT_PRODUCTS_DIR}/YYModel/YYModel.framework",
				"${BUILT_PRODUCTS_DIR}/YYText/YYText.framework",
				"${BUILT_PRODUCTS_DIR}/ZFPlayer/ZFPlayer.framework",
				"${BUILT_PRODUCTS_DIR}/iCarousel/iCarousel.framework",
			);
			name = "[CP] Embed Pods Frameworks";
			outputPaths = (
				"${TARGET_BUILD_DIR}/${FRAMEWORKS_FOLDER_PATH}/AFNetworking.framework",
				"${TARGET_BUILD_DIR}/${FRAMEWORKS_FOLDER_PATH}/AvoidCrash.framework",
				"${TARGET_BUILD_DIR}/${FRAMEWORKS_FOLDER_PATH}/FMDB.framework",
				"${TARGET_BUILD_DIR}/${FRAMEWORKS_FOLDER_PATH}/FSCalendar.framework",
				"${TARGET_BUILD_DIR}/${FRAMEWORKS_FOLDER_PATH}/MBProgressHUD.framework",
				"${TARGET_BUILD_DIR}/${FRAMEWORKS_FOLDER_PATH}/MJExtension.framework",
				"${TARGET_BUILD_DIR}/${FRAMEWORKS_FOLDER_PATH}/MJRefresh.framework",
				"${TARGET_BUILD_DIR}/${FRAMEWORKS_FOLDER_PATH}/Masonry.framework",
				"${TARGET_BUILD_DIR}/${FRAMEWORKS_FOLDER_PATH}/Reachability.framework",
				"${TARGET_BUILD_DIR}/${FRAMEWORKS_FOLDER_PATH}/SAMKeychain.framework",
				"${TARGET_BUILD_DIR}/${FRAMEWORKS_FOLDER_PATH}/SDCycleScrollView.framework",
				"${TARGET_BUILD_DIR}/${FRAMEWORKS_FOLDER_PATH}/SDWebImage.framework",
				"${TARGET_BUILD_DIR}/${FRAMEWORKS_FOLDER_PATH}/YYModel.framework",
				"${TARGET_BUILD_DIR}/${FRAMEWORKS_FOLDER_PATH}/YYText.framework",
				"${TARGET_BUILD_DIR}/${FRAMEWORKS_FOLDER_PATH}/ZFPlayer.framework",
				"${TARGET_BUILD_DIR}/${FRAMEWORKS_FOLDER_PATH}/iCarousel.framework",
			);
			runOnlyForDeploymentPostprocessing = 0;
			shellPath = /bin/sh;
			shellScript = "\"${SRCROOT}/../Pods/Target Support Files/Pods-YFL-IOS/Pods-YFL-IOS-frameworks.sh\"\n";
			showEnvVarsInLog = 0;
		};
/* End PBXShellScriptBuildPhase section */

/* Begin PBXSourcesBuildPhase section */
		3A699B6820BA650C00F7BB60 /* Sources */ = {
			isa = PBXSourcesBuildPhase;
			buildActionMask = 2147483647;
			files = (
				3A6BA5A92129C1E500322875 /* ExamnationViewController.m in Sources */,
				3AFBC2B621417AC900D154D3 /* NewsVideoDetailViewController.m in Sources */,
				3A5C0F162144E46D00BB11FB /* ExamhomeViewController.m in Sources */,
				3A50D520212DBB9200BD2919 /* EducationHeadTableCell.m in Sources */,
				3A699B7420BA650C00F7BB60 /* ViewController.m in Sources */,
				3A3AA579212C12A600FE8CC0 /* EWTLoginAndRegisterViewController.m in Sources */,
				3A6BA57021271E5B00322875 /* YFKeychainUUID.m in Sources */,
				3A6BA57621271E5B00322875 /* EWTBaseViewController.m in Sources */,
				3A2E5D9B213C26FC00363947 /* EWTICarousel.m in Sources */,
				3A6BA58321271E5B00322875 /* NSDate+EWT.m in Sources */,
				3A2E5D8E213AF90E00363947 /* PersonMidTableViewCell.m in Sources */,
				3A699B8A20BA6F1000F7BB60 /* BaseViewController.m in Sources */,
				3A699B7F20BA650C00F7BB60 /* main.m in Sources */,
				3A6BA5A62129C1D000322875 /* PersonalViewController.m in Sources */,
				3A5C0F132144DD8600BB11FB /* ExamWaitingTableViewCell.m in Sources */,
				3AFBC2BC2143D45400D154D3 /* DIYCalendarCell.m in Sources */,
				3A6BA56221271E5B00322875 /* HTTPEngine.m in Sources */,
				3A6BA56F21271E5B00322875 /* PublicMethod.m in Sources */,
				3A50D523212DC3C100BD2919 /* EducationItemsTableCell.m in Sources */,
				3A50D516212D46F500BD2919 /* BannerScrollViewCell.m in Sources */,
				3A699B9A20BA795900F7BB60 /* Reachability.m in Sources */,
				3A3B4902213E399F000D8BF0 /* EWTiCarouselPageControl.m in Sources */,
				3A699B9520BA790300F7BB60 /* iCarousel.m in Sources */,
				3A50D519212D4BD400BD2919 /* NewsItemsTableCell.m in Sources */,
				3A2E5D91213AFF8500363947 /* PersonRowTableViewCell.m in Sources */,
				3A5C0F1C2149657C00BB11FB /* ExamTopTitleTableViewCell.m in Sources */,
				3A6BA56421271E5B00322875 /* EWTHttpServer.m in Sources */,
				3A699B7120BA650C00F7BB60 /* AppDelegate.m in Sources */,
				3A6BA54421271E5B00322875 /* PromptBox.m in Sources */,
				3A2E5D98213C264D00363947 /* ICarouselViewController.m in Sources */,
				3A6BA56B21271E5B00322875 /* EWTNotification.m in Sources */,
				3AFBC2B921422A3200D154D3 /* SigninRecordViewController.m in Sources */,
				3A6BA58121271E5B00322875 /* NSObject+EWTCurrentController.m in Sources */,
				3A699B8D20BA6F3100F7BB60 /* BaseNavigationController.m in Sources */,
				3A5C0F1F2149692C00BB11FB /* ExamChooseCell.m in Sources */,
				3A6BA57821271E5B00322875 /* EWTBaseNavigationController.m in Sources */,
				3A2E5D8A213ADE4700363947 /* ExamTableViewCommonCell.m in Sources */,
				3A5C0F19214964A100BB11FB /* ExamConentViewController.m in Sources */,
				3A50D513212D3FD300BD2919 /* BannerScrollView.m in Sources */,
				3A3AA578212C12A600FE8CC0 /* EWTLoginView.m in Sources */,
				3A5C0F102144DCEE00BB11FB /* ExamWaitingViewController.m in Sources */,
				3A6BA5AC2129C1F400322875 /* EducationViewController.m in Sources */,
				3A6BA58B21271E5B00322875 /* NSData+EWT.m in Sources */,
				3A6BA56321271E5B00322875 /* HTTPRequest.m in Sources */,
				3A6BA5A32129C1BA00322875 /* NewsViewController.m in Sources */,
				3A6BA57D21271E5B00322875 /* NSString+EWT.m in Sources */,
				3A6BA57E21271E5B00322875 /* UIView+EWT.m in Sources */,
				3A6BA57C21271E5B00322875 /* UIColor+EWT.m in Sources */,
				3A50D51C212D69CC00BD2919 /* NewsRightIConTableCell.m in Sources */,
			);
			runOnlyForDeploymentPostprocessing = 0;
		};
/* End PBXSourcesBuildPhase section */

/* Begin PBXVariantGroup section */
		3A699B7A20BA650C00F7BB60 /* LaunchScreen.storyboard */ = {
			isa = PBXVariantGroup;
			children = (
				3A699B7B20BA650C00F7BB60 /* Base */,
			);
			name = LaunchScreen.storyboard;
			sourceTree = "<group>";
		};
/* End PBXVariantGroup section */

/* Begin XCBuildConfiguration section */
		3A699B8020BA650C00F7BB60 /* Debug */ = {
			isa = XCBuildConfiguration;
			buildSettings = {
				ALWAYS_SEARCH_USER_PATHS = NO;
				CLANG_ANALYZER_NONNULL = YES;
				CLANG_ANALYZER_NUMBER_OBJECT_CONVERSION = YES_AGGRESSIVE;
				CLANG_CXX_LANGUAGE_STANDARD = "gnu++14";
				CLANG_CXX_LIBRARY = "libc++";
				CLANG_ENABLE_MODULES = YES;
				CLANG_ENABLE_OBJC_ARC = YES;
				CLANG_WARN_BLOCK_CAPTURE_AUTORELEASING = YES;
				CLANG_WARN_BOOL_CONVERSION = YES;
				CLANG_WARN_COMMA = YES;
				CLANG_WARN_CONSTANT_CONVERSION = YES;
				CLANG_WARN_DIRECT_OBJC_ISA_USAGE = YES_ERROR;
				CLANG_WARN_DOCUMENTATION_COMMENTS = YES;
				CLANG_WARN_EMPTY_BODY = YES;
				CLANG_WARN_ENUM_CONVERSION = YES;
				CLANG_WARN_INFINITE_RECURSION = YES;
				CLANG_WARN_INT_CONVERSION = YES;
				CLANG_WARN_NON_LITERAL_NULL_CONVERSION = YES;
				CLANG_WARN_OBJC_LITERAL_CONVERSION = YES;
				CLANG_WARN_OBJC_ROOT_CLASS = YES_ERROR;
				CLANG_WARN_RANGE_LOOP_ANALYSIS = YES;
				CLANG_WARN_STRICT_PROTOTYPES = YES;
				CLANG_WARN_SUSPICIOUS_MOVE = YES;
				CLANG_WARN_UNGUARDED_AVAILABILITY = YES_AGGRESSIVE;
				CLANG_WARN_UNREACHABLE_CODE = YES;
				CLANG_WARN__DUPLICATE_METHOD_MATCH = YES;
				CODE_SIGN_IDENTITY = "iPhone Developer";
				COPY_PHASE_STRIP = NO;
				DEBUG_INFORMATION_FORMAT = dwarf;
				ENABLE_STRICT_OBJC_MSGSEND = YES;
				ENABLE_TESTABILITY = YES;
				GCC_C_LANGUAGE_STANDARD = gnu11;
				GCC_DYNAMIC_NO_PIC = NO;
				GCC_NO_COMMON_BLOCKS = YES;
				GCC_OPTIMIZATION_LEVEL = 0;
				GCC_PREPROCESSOR_DEFINITIONS = (
					"DEBUG=1",
					"$(inherited)",
				);
				GCC_WARN_64_TO_32_BIT_CONVERSION = YES;
				GCC_WARN_ABOUT_RETURN_TYPE = YES_ERROR;
				GCC_WARN_UNDECLARED_SELECTOR = YES;
				GCC_WARN_UNINITIALIZED_AUTOS = YES_AGGRESSIVE;
				GCC_WARN_UNUSED_FUNCTION = YES;
				GCC_WARN_UNUSED_VARIABLE = YES;
				IPHONEOS_DEPLOYMENT_TARGET = 11.2;
				MTL_ENABLE_DEBUG_INFO = YES;
				ONLY_ACTIVE_ARCH = YES;
				SDKROOT = iphoneos;
			};
			name = Debug;
		};
		3A699B8120BA650C00F7BB60 /* Release */ = {
			isa = XCBuildConfiguration;
			buildSettings = {
				ALWAYS_SEARCH_USER_PATHS = NO;
				CLANG_ANALYZER_NONNULL = YES;
				CLANG_ANALYZER_NUMBER_OBJECT_CONVERSION = YES_AGGRESSIVE;
				CLANG_CXX_LANGUAGE_STANDARD = "gnu++14";
				CLANG_CXX_LIBRARY = "libc++";
				CLANG_ENABLE_MODULES = YES;
				CLANG_ENABLE_OBJC_ARC = YES;
				CLANG_WARN_BLOCK_CAPTURE_AUTORELEASING = YES;
				CLANG_WARN_BOOL_CONVERSION = YES;
				CLANG_WARN_COMMA = YES;
				CLANG_WARN_CONSTANT_CONVERSION = YES;
				CLANG_WARN_DIRECT_OBJC_ISA_USAGE = YES_ERROR;
				CLANG_WARN_DOCUMENTATION_COMMENTS = YES;
				CLANG_WARN_EMPTY_BODY = YES;
				CLANG_WARN_ENUM_CONVERSION = YES;
				CLANG_WARN_INFINITE_RECURSION = YES;
				CLANG_WARN_INT_CONVERSION = YES;
				CLANG_WARN_NON_LITERAL_NULL_CONVERSION = YES;
				CLANG_WARN_OBJC_LITERAL_CONVERSION = YES;
				CLANG_WARN_OBJC_ROOT_CLASS = YES_ERROR;
				CLANG_WARN_RANGE_LOOP_ANALYSIS = YES;
				CLANG_WARN_STRICT_PROTOTYPES = YES;
				CLANG_WARN_SUSPICIOUS_MOVE = YES;
				CLANG_WARN_UNGUARDED_AVAILABILITY = YES_AGGRESSIVE;
				CLANG_WARN_UNREACHABLE_CODE = YES;
				CLANG_WARN__DUPLICATE_METHOD_MATCH = YES;
				CODE_SIGN_IDENTITY = "iPhone Developer";
				COPY_PHASE_STRIP = NO;
				DEBUG_INFORMATION_FORMAT = "dwarf-with-dsym";
				ENABLE_NS_ASSERTIONS = NO;
				ENABLE_STRICT_OBJC_MSGSEND = YES;
				GCC_C_LANGUAGE_STANDARD = gnu11;
				GCC_NO_COMMON_BLOCKS = YES;
				GCC_WARN_64_TO_32_BIT_CONVERSION = YES;
				GCC_WARN_ABOUT_RETURN_TYPE = YES_ERROR;
				GCC_WARN_UNDECLARED_SELECTOR = YES;
				GCC_WARN_UNINITIALIZED_AUTOS = YES_AGGRESSIVE;
				GCC_WARN_UNUSED_FUNCTION = YES;
				GCC_WARN_UNUSED_VARIABLE = YES;
				IPHONEOS_DEPLOYMENT_TARGET = 11.2;
				MTL_ENABLE_DEBUG_INFO = NO;
				SDKROOT = iphoneos;
				VALIDATE_PRODUCT = YES;
			};
			name = Release;
		};
		3A699B8320BA650C00F7BB60 /* Debug */ = {
			isa = XCBuildConfiguration;
			baseConfigurationReference = 5EB40DFF6E7AD059A22AC421 /* Pods-YFL-IOS.debug.xcconfig */;
			buildSettings = {
				ASSETCATALOG_COMPILER_APPICON_NAME = AppIcon;
				ASSETCATALOG_COMPILER_LAUNCHIMAGE_NAME = LaunchImage;
				"CODE_SIGN_IDENTITY[sdk=iphoneos*]" = "iPhone Developer";
				CODE_SIGN_STYLE = Automatic;
				DEVELOPMENT_TEAM = KK5694975F;
				GCC_PRECOMPILE_PREFIX_HEADER = YES;
				GCC_PREFIX_HEADER = "$(SRCROOT)/Headers/YFLHeader.pch";
				INFOPLIST_FILE = "YFL-IOS/Info.plist";
				IPHONEOS_DEPLOYMENT_TARGET = 8.0;
				LD_RUNPATH_SEARCH_PATHS = "$(inherited) @executable_path/Frameworks";
				PRODUCT_BUNDLE_IDENTIFIER = "YFL.YFL-IOS";
				PRODUCT_NAME = "$(TARGET_NAME)";
				PROVISIONING_PROFILE_SPECIFIER = "";
				TARGETED_DEVICE_FAMILY = 1;
			};
			name = Debug;
		};
		3A699B8420BA650C00F7BB60 /* Release */ = {
			isa = XCBuildConfiguration;
			baseConfigurationReference = D3BEF8B22C59C8A77C6F432D /* Pods-YFL-IOS.release.xcconfig */;
			buildSettings = {
				ASSETCATALOG_COMPILER_APPICON_NAME = AppIcon;
				ASSETCATALOG_COMPILER_LAUNCHIMAGE_NAME = LaunchImage;
				"CODE_SIGN_IDENTITY[sdk=iphoneos*]" = "iPhone Developer";
				CODE_SIGN_STYLE = Automatic;
				DEVELOPMENT_TEAM = KK5694975F;
				GCC_PRECOMPILE_PREFIX_HEADER = YES;
				GCC_PREFIX_HEADER = "$(SRCROOT)/Headers/YFLHeader.pch";
				INFOPLIST_FILE = "YFL-IOS/Info.plist";
				IPHONEOS_DEPLOYMENT_TARGET = 8.0;
				LD_RUNPATH_SEARCH_PATHS = "$(inherited) @executable_path/Frameworks";
				PRODUCT_BUNDLE_IDENTIFIER = "YFL.YFL-IOS";
				PRODUCT_NAME = "$(TARGET_NAME)";
				PROVISIONING_PROFILE_SPECIFIER = "";
				TARGETED_DEVICE_FAMILY = 1;
			};
			name = Release;
		};
/* End XCBuildConfiguration section */

/* Begin XCConfigurationList section */
		3A699B6720BA650C00F7BB60 /* Build configuration list for PBXProject "YFL-IOS" */ = {
			isa = XCConfigurationList;
			buildConfigurations = (
				3A699B8020BA650C00F7BB60 /* Debug */,
				3A699B8120BA650C00F7BB60 /* Release */,
			);
			defaultConfigurationIsVisible = 0;
			defaultConfigurationName = Release;
		};
		3A699B8220BA650C00F7BB60 /* Build configuration list for PBXNativeTarget "YFL-IOS" */ = {
			isa = XCConfigurationList;
			buildConfigurations = (
				3A699B8320BA650C00F7BB60 /* Debug */,
				3A699B8420BA650C00F7BB60 /* Release */,
			);
			defaultConfigurationIsVisible = 0;
			defaultConfigurationName = Release;
		};
/* End XCConfigurationList section */
	};
	rootObject = 3A699B6420BA650C00F7BB60 /* Project object */;
}
